
Microsoft Visual Studio Solution File, Format Version 12.00
# Visual Studio Version 16
VisualStudioVersion = 16.0.30320.27
MinimumVisualStudioVersion = 10.0.40219.1
Project("{FAE04EC0-301F-11D3-BF4B-00C04F79EFBC}") = "Discord Bot CS", "Discord Bot CS\Discord Bot CS.csproj", "{9522DFB2-4EA6-46EF-921B-D040D7321FBF}"
EndProject
Global
	GlobalSection(SolutionConfigurationPlatforms) = preSolution
		Debug|Any CPU = Debug|Any CPU
		Release|Any CPU = Release|Any CPU
	EndGlobalSection
	GlobalSection(ProjectConfigurationPlatforms) = postSolution
		{9522DFB2-4EA6-46EF-921B-D040D7321FBF}.Debug|Any CPU.ActiveCfg = Debug|Any CPU
		{9522DFB2-4EA6-46EF-921B-D040D7321FBF}.Debug|Any CPU.Build.0 = Debug|Any CPU
		{9522DFB2-4EA6-46EF-921B-D040D7321FBF}.Release|Any CPU.ActiveCfg = Release|Any CPU
		{9522DFB2-4EA6-46EF-921B-D040D7321FBF}.Release|Any CPU.Build.0 = Release|Any CPU
	EndGlobalSection
	GlobalSection(SolutionProperties) = preSolution
		HideSolutionNode = FALSE
	EndGlobalSection
	GlobalSection(ExtensibilityGlobals) = postSolution
		SolutionGuid = {105D3AE4-595F-4BCC-9117-2551436AA104}
	EndGlobalSection
EndGlobal
